
Microsoft Visual Studio Solution File, Format Version 12.00
Project("{FAE04EC0-301F-11D3-BF4B-00C04F79EFBC}") = "HouseManager.API", "HouseManager.API\HouseManager.API.csproj", "{6808CB94-D527-430A-9125-C426619469F9}"
EndProject
Global
	GlobalSection(SolutionConfigurationPlatforms) = preSolution
		Debug|Any CPU = Debug|Any CPU
		Release|Any CPU = Release|Any CPU
	EndGlobalSection
	GlobalSection(ProjectConfigurationPlatforms) = postSolution
		{6808CB94-D527-430A-9125-C426619469F9}.Debug|Any CPU.ActiveCfg = Debug|Any CPU
		{6808CB94-D527-430A-9125-C426619469F9}.Debug|Any CPU.Build.0 = Debug|Any CPU
		{6808CB94-D527-430A-9125-C426619469F9}.Release|Any CPU.ActiveCfg = Release|Any CPU
		{6808CB94-D527-430A-9125-C426619469F9}.Release|Any CPU.Build.0 = Release|Any CPU
	EndGlobalSection
EndGlobal
